
Microsoft Visual Studio Solution File, Format Version 12.00
# Visual Studio Version 16
VisualStudioVersion = 16.0.30413.136
MinimumVisualStudioVersion = 10.0.40219.1
Project("{FAE04EC0-301F-11D3-BF4B-00C04F79EFBC}") = "StoreXY.Web", "StoreXY.Web\StoreXY.Web.csproj", "{5063750B-7D13-45C6-A193-66D0D0867FEB}"
EndProject
Project("{FAE04EC0-301F-11D3-BF4B-00C04F79EFBC}") = "StoreXY.BusinessModel", "StoreXY.BusinessModel\StoreXY.BusinessModel.csproj", "{EB34BB42-F91E-42E6-AB74-36E984ACEE87}"
EndProject
Project("{FAE04EC0-301F-11D3-BF4B-00C04F79EFBC}") = "StoreXY.DAL", "StoreXY.DAL\StoreXY.DAL.csproj", "{615DE532-47DF-403A-A158-7063288F406E}"
EndProject
Project("{FAE04EC0-301F-11D3-BF4B-00C04F79EFBC}") = "StoreXY.Managers", "StoreXY.Managers\StoreXY.Managers.csproj", "{3832FF0F-5302-4E69-8261-E83ED8B7B652}"
EndProject
Project("{FAE04EC0-301F-11D3-BF4B-00C04F79EFBC}") = "StoreXY.DTOs", "StoreXY.DTOs\StoreXY.DTOs.csproj", "{F965D5CD-9886-4D69-96BC-206CE1EE99D8}"
EndProject
Project("{FAE04EC0-301F-11D3-BF4B-00C04F79EFBC}") = "StoreXY.ResourcesManager", "StoreXY.ResourcesManager\StoreXY.ResourcesManager.csproj", "{C4BE7F48-AB22-4753-A7B3-A8412FA8FCDF}"
EndProject
Project("{FAE04EC0-301F-11D3-BF4B-00C04F79EFBC}") = "StoreXY.CrossLayer", "StoreXY.CrossLayer\StoreXY.CrossLayer.csproj", "{4DC9BA89-49CA-45F6-807B-91927ECACE2D}"
EndProject
Global
	GlobalSection(SolutionConfigurationPlatforms) = preSolution
		Debug|Any CPU = Debug|Any CPU
		Release|Any CPU = Release|Any CPU
	EndGlobalSection
	GlobalSection(ProjectConfigurationPlatforms) = postSolution
		{5063750B-7D13-45C6-A193-66D0D0867FEB}.Debug|Any CPU.ActiveCfg = Debug|Any CPU
		{5063750B-7D13-45C6-A193-66D0D0867FEB}.Debug|Any CPU.Build.0 = Debug|Any CPU
		{5063750B-7D13-45C6-A193-66D0D0867FEB}.Release|Any CPU.ActiveCfg = Release|Any CPU
		{5063750B-7D13-45C6-A193-66D0D0867FEB}.Release|Any CPU.Build.0 = Release|Any CPU
		{EB34BB42-F91E-42E6-AB74-36E984ACEE87}.Debug|Any CPU.ActiveCfg = Debug|Any CPU
		{EB34BB42-F91E-42E6-AB74-36E984ACEE87}.Debug|Any CPU.Build.0 = Debug|Any CPU
		{EB34BB42-F91E-42E6-AB74-36E984ACEE87}.Release|Any CPU.ActiveCfg = Release|Any CPU
		{EB34BB42-F91E-42E6-AB74-36E984ACEE87}.Release|Any CPU.Build.0 = Release|Any CPU
		{615DE532-47DF-403A-A158-7063288F406E}.Debug|Any CPU.ActiveCfg = Debug|Any CPU
		{615DE532-47DF-403A-A158-7063288F406E}.Debug|Any CPU.Build.0 = Debug|Any CPU
		{615DE532-47DF-403A-A158-7063288F406E}.Release|Any CPU.ActiveCfg = Release|Any CPU
		{615DE532-47DF-403A-A158-7063288F406E}.Release|Any CPU.Build.0 = Release|Any CPU
		{3832FF0F-5302-4E69-8261-E83ED8B7B652}.Debug|Any CPU.ActiveCfg = Debug|Any CPU
		{3832FF0F-5302-4E69-8261-E83ED8B7B652}.Debug|Any CPU.Build.0 = Debug|Any CPU
		{3832FF0F-5302-4E69-8261-E83ED8B7B652}.Release|Any CPU.ActiveCfg = Release|Any CPU
		{3832FF0F-5302-4E69-8261-E83ED8B7B652}.Release|Any CPU.Build.0 = Release|Any CPU
		{F965D5CD-9886-4D69-96BC-206CE1EE99D8}.Debug|Any CPU.ActiveCfg = Debug|Any CPU
		{F965D5CD-9886-4D69-96BC-206CE1EE99D8}.Debug|Any CPU.Build.0 = Debug|Any CPU
		{F965D5CD-9886-4D69-96BC-206CE1EE99D8}.Release|Any CPU.ActiveCfg = Release|Any CPU
		{F965D5CD-9886-4D69-96BC-206CE1EE99D8}.Release|Any CPU.Build.0 = Release|Any CPU
		{C4BE7F48-AB22-4753-A7B3-A8412FA8FCDF}.Debug|Any CPU.ActiveCfg = Debug|Any CPU
		{C4BE7F48-AB22-4753-A7B3-A8412FA8FCDF}.Debug|Any CPU.Build.0 = Debug|Any CPU
		{C4BE7F48-AB22-4753-A7B3-A8412FA8FCDF}.Release|Any CPU.ActiveCfg = Release|Any CPU
		{C4BE7F48-AB22-4753-A7B3-A8412FA8FCDF}.Release|Any CPU.Build.0 = Release|Any CPU
		{4DC9BA89-49CA-45F6-807B-91927ECACE2D}.Debug|Any CPU.ActiveCfg = Debug|Any CPU
		{4DC9BA89-49CA-45F6-807B-91927ECACE2D}.Debug|Any CPU.Build.0 = Debug|Any CPU
		{4DC9BA89-49CA-45F6-807B-91927ECACE2D}.Release|Any CPU.ActiveCfg = Release|Any CPU
		{4DC9BA89-49CA-45F6-807B-91927ECACE2D}.Release|Any CPU.Build.0 = Release|Any CPU
	EndGlobalSection
	GlobalSection(SolutionProperties) = preSolution
		HideSolutionNode = FALSE
	EndGlobalSection
	GlobalSection(ExtensibilityGlobals) = postSolution
		SolutionGuid = {3B825A2D-2ADB-403D-9FBB-C00779227B27}
	EndGlobalSection
EndGlobal
